// !$*UTF8*$!
{
	archiveVersion = 1;
	classes = {
	};
	objectVersion = 56;
	objects = {

/* Begin PBXBuildFile section */
		B67B1633294E615500F4D71E /* Interchangable_Network_SwiftUIApp.swift in Sources */ = {isa = PBXBuildFile; fileRef = B67B1632294E615500F4D71E /* Interchangable_Network_SwiftUIApp.swift */; };
		B67B1635294E615500F4D71E /* ContentView.swift in Sources */ = {isa = PBXBuildFile; fileRef = B67B1634294E615500F4D71E /* ContentView.swift */; };
		B67B1637294E615500F4D71E /* Assets.xcassets in Resources */ = {isa = PBXBuildFile; fileRef = B67B1636294E615500F4D71E /* Assets.xcassets */; };
		B67B163A294E615500F4D71E /* Preview Assets.xcassets in Resources */ = {isa = PBXBuildFile; fileRef = B67B1639294E615500F4D71E /* Preview Assets.xcassets */; };
		B67B1641294E617900F4D71E /* Constants.swift in Sources */ = {isa = PBXBuildFile; fileRef = B67B1640294E617900F4D71E /* Constants.swift */; };
		B67B1643294E618600F4D71E /* UserViewModel.swift in Sources */ = {isa = PBXBuildFile; fileRef = B67B1642294E618600F4D71E /* UserViewModel.swift */; };
		B67B1645294E618E00F4D71E /* Webservice.swift in Sources */ = {isa = PBXBuildFile; fileRef = B67B1644294E618E00F4D71E /* Webservice.swift */; };
		B67B1647294E619B00F4D71E /* UserModel.swift in Sources */ = {isa = PBXBuildFile; fileRef = B67B1646294E619B00F4D71E /* UserModel.swift */; };
		B67B164D294E646C00F4D71E /* users.json in Resources */ = {isa = PBXBuildFile; fileRef = B67B164C294E646C00F4D71E /* users.json */; };
		B67B164F294E647F00F4D71E /* LocalService.swift in Sources */ = {isa = PBXBuildFile; fileRef = B67B164E294E647F00F4D71E /* LocalService.swift */; };
		B67B1651294E65B000F4D71E /* NetworkService.swift in Sources */ = {isa = PBXBuildFile; fileRef = B67B1650294E65B000F4D71E /* NetworkService.swift */; };
/* End PBXBuildFile section */

/* Begin PBXFileReference section */
		B67B162F294E615500F4D71E /* Interchangable-Network-SwiftUI.app */ = {isa = PBXFileReference; explicitFileType = wrapper.application; includeInIndex = 0; path = "Interchangable-Network-SwiftUI.app"; sourceTree = BUILT_PRODUCTS_DIR; };
		B67B1632294E615500F4D71E /* Interchangable_Network_SwiftUIApp.swift */ = {isa = PBXFileReference; lastKnownFileType = sourcecode.swift; path = Interchangable_Network_SwiftUIApp.swift; sourceTree = "<group>"; };
		B67B1634294E615500F4D71E /* ContentView.swift */ = {isa = PBXFileReference; lastKnownFileType = sourcecode.swift; path = ContentView.swift; sourceTree = "<group>"; };
		B67B1636294E615500F4D71E /* Assets.xcassets */ = {isa = PBXFileReference; lastKnownFileType = folder.assetcatalog; path = Assets.xcassets; sourceTree = "<group>"; };
		B67B1639294E615500F4D71E /* Preview Assets.xcassets */ = {isa = PBXFileReference; lastKnownFileType = folder.assetcatalog; path = "Preview Assets.xcassets"; sourceTree = "<group>"; };
		B67B1640294E617900F4D71E /* Constants.swift */ = {isa = PBXFileReference; lastKnownFileType = sourcecode.swift; path = Constants.swift; sourceTree = "<group>"; };
		B67B1642294E618600F4D71E /* UserViewModel.swift */ = {isa = PBXFileReference; lastKnownFileType = sourcecode.swift; path = UserViewModel.swift; sourceTree = "<group>"; };
		B67B1644294E618E00F4D71E /* Webservice.swift */ = {isa = PBXFileReference; lastKnownFileType = sourcecode.swift; path = Webservice.swift; sourceTree = "<group>"; };
		B67B1646294E619B00F4D71E /* UserModel.swift */ = {isa = PBXFileReference; lastKnownFileType = sourcecode.swift; path = UserModel.swift; sourceTree = "<group>"; };
		B67B164C294E646C00F4D71E /* users.json */ = {isa = PBXFileReference; fileEncoding = 4; lastKnownFileType = text.json; path = users.json; sourceTree = "<group>"; };
		B67B164E294E647F00F4D71E /* LocalService.swift */ = {isa = PBXFileReference; lastKnownFileType = sourcecode.swift; path = LocalService.swift; sourceTree = "<group>"; };
		B67B1650294E65B000F4D71E /* NetworkService.swift */ = {isa = PBXFileReference; lastKnownFileType = sourcecode.swift; path = NetworkService.swift; sourceTree = "<group>"; };
/* End PBXFileReference section */

/* Begin PBXFrameworksBuildPhase section */
		B67B162C294E615500F4D71E /* Frameworks */ = {
			isa = PBXFrameworksBuildPhase;
			buildActionMask = 2147483647;
			files = (
			);
			runOnlyForDeploymentPostprocessing = 0;
		};
/* End PBXFrameworksBuildPhase section */

/* Begin PBXGroup section */
		B67B1626294E615500F4D71E = {
			isa = PBXGroup;
			children = (
				B67B1631294E615500F4D71E /* Interchangable-Network-SwiftUI */,
				B67B1630294E615500F4D71E /* Products */,
			);
			sourceTree = "<group>";
		};
		B67B1630294E615500F4D71E /* Products */ = {
			isa = PBXGroup;
			children = (
				B67B162F294E615500F4D71E /* Interchangable-Network-SwiftUI.app */,
			);
			name = Products;
			sourceTree = "<group>";
		};
		B67B1631294E615500F4D71E /* Interchangable-Network-SwiftUI */ = {
			isa = PBXGroup;
			children = (
				B67B164C294E646C00F4D71E /* users.json */,
				B67B1632294E615500F4D71E /* Interchangable_Network_SwiftUIApp.swift */,
				B67B1634294E615500F4D71E /* ContentView.swift */,
				B67B1636294E615500F4D71E /* Assets.xcassets */,
				B67B1638294E615500F4D71E /* Preview Content */,
				B67B164B294E61C200F4D71E /* Constants */,
				B67B164A294E61BB00F4D71E /* ViewModel */,
				B67B1649294E61AB00F4D71E /* Service */,
				B67B1648294E61A500F4D71E /* Model */,
			);
			path = "Interchangable-Network-SwiftUI";
			sourceTree = "<group>";
		};
		B67B1638294E615500F4D71E /* Preview Content */ = {
			isa = PBXGroup;
			children = (
				B67B1639294E615500F4D71E /* Preview Assets.xcassets */,
			);
			path = "Preview Content";
			sourceTree = "<group>";
		};
		B67B1648294E61A500F4D71E /* Model */ = {
			isa = PBXGroup;
			children = (
				B67B1646294E619B00F4D71E /* UserModel.swift */,
			);
			path = Model;
			sourceTree = "<group>";
		};
		B67B1649294E61AB00F4D71E /* Service */ = {
			isa = PBXGroup;
			children = (
				B67B1644294E618E00F4D71E /* Webservice.swift */,
				B67B164E294E647F00F4D71E /* LocalService.swift */,
				B67B1650294E65B000F4D71E /* NetworkService.swift */,
			);
			path = Service;
			sourceTree = "<group>";
		};
		B67B164A294E61BB00F4D71E /* ViewModel */ = {
			isa = PBXGroup;
			children = (
				B67B1642294E618600F4D71E /* UserViewModel.swift */,
			);
			path = ViewModel;
			sourceTree = "<group>";
		};
		B67B164B294E61C200F4D71E /* Constants */ = {
			isa = PBXGroup;
			children = (
				B67B1640294E617900F4D71E /* Constants.swift */,
			);
			path = Constants;
			sourceTree = "<group>";
		};
/* End PBXGroup section */

/* Begin PBXNativeTarget section */
		B67B162E294E615500F4D71E /* Interchangable-Network-SwiftUI */ = {
			isa = PBXNativeTarget;
			buildConfigurationList = B67B163D294E615500F4D71E /* Build configuration list for PBXNativeTarget "Interchangable-Network-SwiftUI" */;
			buildPhases = (
				B67B162B294E615500F4D71E /* Sources */,
				B67B162C294E615500F4D71E /* Frameworks */,
				B67B162D294E615500F4D71E /* Resources */,
			);
			buildRules = (
			);
			dependencies = (
			);
			name = "Interchangable-Network-SwiftUI";
			productName = "Interchangable-Network-SwiftUI";
			productReference = B67B162F294E615500F4D71E /* Interchangable-Network-SwiftUI.app */;
			productType = "com.apple.product-type.application";
		};
/* End PBXNativeTarget section */

/* Begin PBXProject section */
		B67B1627294E615500F4D71E /* Project object */ = {
			isa = PBXProject;
			attributes = {
				BuildIndependentTargetsInParallel = 1;
				LastSwiftUpdateCheck = 1410;
				LastUpgradeCheck = 1410;
				TargetAttributes = {
					B67B162E294E615500F4D71E = {
						CreatedOnToolsVersion = 14.1;
					};
				};
			};
			buildConfigurationList = B67B162A294E615500F4D71E /* Build configuration list for PBXProject "Interchangable-Network-SwiftUI" */;
			compatibilityVersion = "Xcode 14.0";
			developmentRegion = en;
			hasScannedForEncodings = 0;
			knownRegions = (
				en,
				Base,
			);
			mainGroup = B67B1626294E615500F4D71E;
			productRefGroup = B67B1630294E615500F4D71E /* Products */;
			projectDirPath = "";
			projectRoot = "";
			targets = (
				B67B162E294E615500F4D71E /* Interchangable-Network-SwiftUI */,
			);
		};
/* End PBXProject section */

/* Begin PBXResourcesBuildPhase section */
		B67B162D294E615500F4D71E /* Resources */ = {
			isa = PBXResourcesBuildPhase;
			buildActionMask = 2147483647;
			files = (
				B67B164D294E646C00F4D71E /* users.json in Resources */,
				B67B163A294E615500F4D71E /* Preview Assets.xcassets in Resources */,
				B67B1637294E615500F4D71E /* Assets.xcassets in Resources */,
			);
			runOnlyForDeploymentPostprocessing = 0;
		};
/* End PBXResourcesBuildPhase section */

/* Begin PBXSourcesBuildPhase section */
		B67B162B294E615500F4D71E /* Sources */ = {
			isa = PBXSourcesBuildPhase;
			buildActionMask = 2147483647;
			files = (
				B67B1635294E615500F4D71E /* ContentView.swift in Sources */,
				B67B1643294E618600F4D71E /* UserViewModel.swift in Sources */,
				B67B1651294E65B000F4D71E /* NetworkService.swift in Sources */,
				B67B1633294E615500F4D71E /* Interchangable_Network_SwiftUIApp.swift in Sources */,
				B67B1645294E618E00F4D71E /* Webservice.swift in Sources */,
				B67B1647294E619B00F4D71E /* UserModel.swift in Sources */,
				B67B164F294E647F00F4D71E /* LocalService.swift in Sources */,
				B67B1641294E617900F4D71E /* Constants.swift in Sources */,
			);
			runOnlyForDeploymentPostprocessing = 0;
		};
/* End PBXSourcesBuildPhase section */

/* Begin XCBuildConfiguration section */
		B67B163B294E615500F4D71E /* Debug */ = {
			isa = XCBuildConfiguration;
			buildSettings = {
				ALWAYS_SEARCH_USER_PATHS = NO;
				CLANG_ANALYZER_NONNULL = YES;
				CLANG_ANALYZER_NUMBER_OBJECT_CONVERSION = YES_AGGRESSIVE;
				CLANG_CXX_LANGUAGE_STANDARD = "gnu++20";
				CLANG_ENABLE_MODULES = YES;
				CLANG_ENABLE_OBJC_ARC = YES;
				CLANG_ENABLE_OBJC_WEAK = YES;
				CLANG_WARN_BLOCK_CAPTURE_AUTORELEASING = YES;
				CLANG_WARN_BOOL_CONVERSION = YES;
				CLANG_WARN_COMMA = YES;
				CLANG_WARN_CONSTANT_CONVERSION = YES;
				CLANG_WARN_DEPRECATED_OBJC_IMPLEMENTATIONS = YES;
				CLANG_WARN_DIRECT_OBJC_ISA_USAGE = YES_ERROR;
				CLANG_WARN_DOCUMENTATION_COMMENTS = YES;
				CLANG_WARN_EMPTY_BODY = YES;
				CLANG_WARN_ENUM_CONVERSION = YES;
				CLANG_WARN_INFINITE_RECURSION = YES;
				CLANG_WARN_INT_CONVERSION = YES;
				CLANG_WARN_NON_LITERAL_NULL_CONVERSION = YES;
				CLANG_WARN_OBJC_IMPLICIT_RETAIN_SELF = YES;
				CLANG_WARN_OBJC_LITERAL_CONVERSION = YES;
				CLANG_WARN_OBJC_ROOT_CLASS = YES_ERROR;
				CLANG_WARN_QUOTED_INCLUDE_IN_FRAMEWORK_HEADER = YES;
				CLANG_WARN_RANGE_LOOP_ANALYSIS = YES;
				CLANG_WARN_STRICT_PROTOTYPES = YES;
				CLANG_WARN_SUSPICIOUS_MOVE = YES;
				CLANG_WARN_UNGUARDED_AVAILABILITY = YES_AGGRESSIVE;
				CLANG_WARN_UNREACHABLE_CODE = YES;
				CLANG_WARN__DUPLICATE_METHOD_MATCH = YES;
				COPY_PHASE_STRIP = NO;
				DEBUG_INFORMATION_FORMAT = dwarf;
				ENABLE_STRICT_OBJC_MSGSEND = YES;
				ENABLE_TESTABILITY = YES;
				GCC_C_LANGUAGE_STANDARD = gnu11;
				GCC_DYNAMIC_NO_PIC = NO;
				GCC_NO_COMMON_BLOCKS = YES;
				GCC_OPTIMIZATION_LEVEL = 0;
				GCC_PREPROCESSOR_DEFINITIONS = (
					"DEBUG=1",
					"$(inherited)",
				);
				GCC_WARN_64_TO_32_BIT_CONVERSION = YES;
				GCC_WARN_ABOUT_RETURN_TYPE = YES_ERROR;
				GCC_WARN_UNDECLARED_SELECTOR = YES;
				GCC_WARN_UNINITIALIZED_AUTOS = YES_AGGRESSIVE;
				GCC_WARN_UNUSED_FUNCTION = YES;
				GCC_WARN_UNUSED_VARIABLE = YES;
				IPHONEOS_DEPLOYMENT_TARGET = 16.1;
				MTL_ENABLE_DEBUG_INFO = INCLUDE_SOURCE;
				MTL_FAST_MATH = YES;
				ONLY_ACTIVE_ARCH = YES;
				SDKROOT = iphoneos;
				SWIFT_ACTIVE_COMPILATION_CONDITIONS = DEBUG;
				SWIFT_OPTIMIZATION_LEVEL = "-Onone";
			};
			name = Debug;
		};
		B67B163C294E615500F4D71E /* Release */ = {
			isa = XCBuildConfiguration;
			buildSettings = {
				ALWAYS_SEARCH_USER_PATHS = NO;
				CLANG_ANALYZER_NONNULL = YES;
				CLANG_ANALYZER_NUMBER_OBJECT_CONVERSION = YES_AGGRESSIVE;
				CLANG_CXX_LANGUAGE_STANDARD = "gnu++20";
				CLANG_ENABLE_MODULES = YES;
				CLANG_ENABLE_OBJC_ARC = YES;
				CLANG_ENABLE_OBJC_WEAK = YES;
				CLANG_WARN_BLOCK_CAPTURE_AUTORELEASING = YES;
				CLANG_WARN_BOOL_CONVERSION = YES;
				CLANG_WARN_COMMA = YES;
				CLANG_WARN_CONSTANT_CONVERSION = YES;
				CLANG_WARN_DEPRECATED_OBJC_IMPLEMENTATIONS = YES;
				CLANG_WARN_DIRECT_OBJC_ISA_USAGE = YES_ERROR;
				CLANG_WARN_DOCUMENTATION_COMMENTS = YES;
				CLANG_WARN_EMPTY_BODY = YES;
				CLANG_WARN_ENUM_CONVERSION = YES;
				CLANG_WARN_INFINITE_RECURSION = YES;
				CLANG_WARN_INT_CONVERSION = YES;
				CLANG_WARN_NON_LITERAL_NULL_CONVERSION = YES;
				CLANG_WARN_OBJC_IMPLICIT_RETAIN_SELF = YES;
				CLANG_WARN_OBJC_LITERAL_CONVERSION = YES;
				CLANG_WARN_OBJC_ROOT_CLASS = YES_ERROR;
				CLANG_WARN_QUOTED_INCLUDE_IN_FRAMEWORK_HEADER = YES;
				CLANG_WARN_RANGE_LOOP_ANALYSIS = YES;
				CLANG_WARN_STRICT_PROTOTYPES = YES;
				CLANG_WARN_SUSPICIOUS_MOVE = YES;
				CLANG_WARN_UNGUARDED_AVAILABILITY = YES_AGGRESSIVE;
				CLANG_WARN_UNREACHABLE_CODE = YES;
				CLANG_WARN__DUPLICATE_METHOD_MATCH = YES;
				COPY_PHASE_STRIP = NO;
				DEBUG_INFORMATION_FORMAT = "dwarf-with-dsym";
				ENABLE_NS_ASSERTIONS = NO;
				ENABLE_STRICT_OBJC_MSGSEND = YES;
				GCC_C_LANGUAGE_STANDARD = gnu11;
				GCC_NO_COMMON_BLOCKS = YES;
				GCC_WARN_64_TO_32_BIT_CONVERSION = YES;
				GCC_WARN_ABOUT_RETURN_TYPE = YES_ERROR;
				GCC_WARN_UNDECLARED_SELECTOR = YES;
				GCC_WARN_UNINITIALIZED_AUTOS = YES_AGGRESSIVE;
				GCC_WARN_UNUSED_FUNCTION = YES;
				GCC_WARN_UNUSED_VARIABLE = YES;
				IPHONEOS_DEPLOYMENT_TARGET = 16.1;
				MTL_ENABLE_DEBUG_INFO = NO;
				MTL_FAST_MATH = YES;
				SDKROOT = iphoneos;
				SWIFT_COMPILATION_MODE = wholemodule;
				SWIFT_OPTIMIZATION_LEVEL = "-O";
				VALIDATE_PRODUCT = YES;
			};
			name = Release;
		};
		B67B163E294E615500F4D71E /* Debug */ = {
			isa = XCBuildConfiguration;
			buildSettings = {
				ASSETCATALOG_COMPILER_APPICON_NAME = AppIcon;
				ASSETCATALOG_COMPILER_GLOBAL_ACCENT_COLOR_NAME = AccentColor;
				CODE_SIGN_STYLE = Automatic;
				CURRENT_PROJECT_VERSION = 1;
				DEVELOPMENT_ASSET_PATHS = "\"Interchangable-Network-SwiftUI/Preview Content\"";
				DEVELOPMENT_TEAM = VPZ673SNB7;
				ENABLE_PREVIEWS = YES;
				GENERATE_INFOPLIST_FILE = YES;
				INFOPLIST_KEY_UIApplicationSceneManifest_Generation = YES;
				INFOPLIST_KEY_UIApplicationSupportsIndirectInputEvents = YES;
				INFOPLIST_KEY_UILaunchScreen_Generation = YES;
				INFOPLIST_KEY_UISupportedInterfaceOrientations_iPad = "UIInterfaceOrientationPortrait UIInterfaceOrientationPortraitUpsideDown UIInterfaceOrientationLandscapeLeft UIInterfaceOrientationLandscapeRight";
				INFOPLIST_KEY_UISupportedInterfaceOrientations_iPhone = "UIInterfaceOrientationPortrait UIInterfaceOrientationLandscapeLeft UIInterfaceOrientationLandscapeRight";
				LD_RUNPATH_SEARCH_PATHS = (
					"$(inherited)",
					"@executable_path/Frameworks",
				);
				MARKETING_VERSION = 1.0;
				PRODUCT_BUNDLE_IDENTIFIER = "dev.oemurlu.Interchangable-Network-SwiftUI";
				PRODUCT_NAME = "$(TARGET_NAME)";
				SWIFT_EMIT_LOC_STRINGS = YES;
				SWIFT_VERSION = 5.0;
				TARGETED_DEVICE_FAMILY = "1,2";
			};
			name = Debug;
		};
		B67B163F294E615500F4D71E /* Release */ = {
			isa = XCBuildConfiguration;
			buildSettings = {
				ASSETCATALOG_COMPILER_APPICON_NAME = AppIcon;
				ASSETCATALOG_COMPILER_GLOBAL_ACCENT_COLOR_NAME = AccentColor;
				CODE_SIGN_STYLE = Automatic;
				CURRENT_PROJECT_VERSION = 1;
				DEVELOPMENT_ASSET_PATHS = "\"Interchangable-Network-SwiftUI/Preview Content\"";
				DEVELOPMENT_TEAM = VPZ673SNB7;
				ENABLE_PREVIEWS = YES;
				GENERATE_INFOPLIST_FILE = YES;
				INFOPLIST_KEY_UIApplicationSceneManifest_Generation = YES;
				INFOPLIST_KEY_UIApplicationSupportsIndirectInputEvents = YES;
				INFOPLIST_KEY_UILaunchScreen_Generation = YES;
				INFOPLIST_KEY_UISupportedInterfaceOrientations_iPad = "UIInterfaceOrientationPortrait UIInterfaceOrientationPortraitUpsideDown UIInterfaceOrientationLandscapeLeft UIInterfaceOrientationLandscapeRight";
				INFOPLIST_KEY_UISupportedInterfaceOrientations_iPhone = "UIInterfaceOrientationPortrait UIInterfaceOrientationLandscapeLeft UIInterfaceOrientationLandscapeRight";
				LD_RUNPATH_SEARCH_PATHS = (
					"$(inherited)",
					"@executable_path/Frameworks",
				);
				MARKETING_VERSION = 1.0;
				PRODUCT_BUNDLE_IDENTIFIER = "dev.oemurlu.Interchangable-Network-SwiftUI";
				PRODUCT_NAME = "$(TARGET_NAME)";
				SWIFT_EMIT_LOC_STRINGS = YES;
				SWIFT_VERSION = 5.0;
				TARGETED_DEVICE_FAMILY = "1,2";
			};
			name = Release;
		};
/* End XCBuildConfiguration section */

/* Begin XCConfigurationList section */
		B67B162A294E615500F4D71E /* Build configuration list for PBXProject "Interchangable-Network-SwiftUI" */ = {
			isa = XCConfigurationList;
			buildConfigurations = (
				B67B163B294E615500F4D71E /* Debug */,
				B67B163C294E615500F4D71E /* Release */,
			);
			defaultConfigurationIsVisible = 0;
			defaultConfigurationName = Release;
		};
		B67B163D294E615500F4D71E /* Build configuration list for PBXNativeTarget "Interchangable-Network-SwiftUI" */ = {
			isa = XCConfigurationList;
			buildConfigurations = (
				B67B163E294E615500F4D71E /* Debug */,
				B67B163F294E615500F4D71E /* Release */,
			);
			defaultConfigurationIsVisible = 0;
			defaultConfigurationName = Release;
		};
/* End XCConfigurationList section */
	};
	rootObject = B67B1627294E615500F4D71E /* Project object */;
}
