// !$*UTF8*$!
{
	archiveVersion = 1;
	classes = {
	};
	objectVersion = 55;
	objects = {

/* Begin PBXBuildFile section */
		B697A323294A5DA50015701A /* Jokes_App_SwiftUIApp.swift in Sources */ = {isa = PBXBuildFile; fileRef = B697A322294A5DA50015701A /* Jokes_App_SwiftUIApp.swift */; };
		B697A325294A5DA50015701A /* ContentView.swift in Sources */ = {isa = PBXBuildFile; fileRef = B697A324294A5DA50015701A /* ContentView.swift */; };
		B697A327294A5DA60015701A /* Assets.xcassets in Resources */ = {isa = PBXBuildFile; fileRef = B697A326294A5DA60015701A /* Assets.xcassets */; };
		B697A32A294A5DA60015701A /* Preview Assets.xcassets in Resources */ = {isa = PBXBuildFile; fileRef = B697A329294A5DA60015701A /* Preview Assets.xcassets */; };
		B697A331294A61C00015701A /* JokesData.swift in Sources */ = {isa = PBXBuildFile; fileRef = B697A330294A61C00015701A /* JokesData.swift */; };
		B697A333294A63740015701A /* JokesViewModel.swift in Sources */ = {isa = PBXBuildFile; fileRef = B697A332294A63740015701A /* JokesViewModel.swift */; };
		D381FC4D7233DCC169129CDA /* Pods_Jokes_App_SwiftUI.framework in Frameworks */ = {isa = PBXBuildFile; fileRef = 3FB9DA27D5D816D3F6AFE777 /* Pods_Jokes_App_SwiftUI.framework */; };
/* End PBXBuildFile section */

/* Begin PBXFileReference section */
		0B4BAE7DE73CEBFA67C189B9 /* Pods-Jokes-App-SwiftUI.debug.xcconfig */ = {isa = PBXFileReference; includeInIndex = 1; lastKnownFileType = text.xcconfig; name = "Pods-Jokes-App-SwiftUI.debug.xcconfig"; path = "Target Support Files/Pods-Jokes-App-SwiftUI/Pods-Jokes-App-SwiftUI.debug.xcconfig"; sourceTree = "<group>"; };
		3FB9DA27D5D816D3F6AFE777 /* Pods_Jokes_App_SwiftUI.framework */ = {isa = PBXFileReference; explicitFileType = wrapper.framework; includeInIndex = 0; path = Pods_Jokes_App_SwiftUI.framework; sourceTree = BUILT_PRODUCTS_DIR; };
		A37001C26D16A99BFDC97814 /* Pods-Jokes-App-SwiftUI.release.xcconfig */ = {isa = PBXFileReference; includeInIndex = 1; lastKnownFileType = text.xcconfig; name = "Pods-Jokes-App-SwiftUI.release.xcconfig"; path = "Target Support Files/Pods-Jokes-App-SwiftUI/Pods-Jokes-App-SwiftUI.release.xcconfig"; sourceTree = "<group>"; };
		B697A31F294A5DA50015701A /* Jokes-App-SwiftUI.app */ = {isa = PBXFileReference; explicitFileType = wrapper.application; includeInIndex = 0; path = "Jokes-App-SwiftUI.app"; sourceTree = BUILT_PRODUCTS_DIR; };
		B697A322294A5DA50015701A /* Jokes_App_SwiftUIApp.swift */ = {isa = PBXFileReference; lastKnownFileType = sourcecode.swift; path = Jokes_App_SwiftUIApp.swift; sourceTree = "<group>"; };
		B697A324294A5DA50015701A /* ContentView.swift */ = {isa = PBXFileReference; lastKnownFileType = sourcecode.swift; path = ContentView.swift; sourceTree = "<group>"; };
		B697A326294A5DA60015701A /* Assets.xcassets */ = {isa = PBXFileReference; lastKnownFileType = folder.assetcatalog; path = Assets.xcassets; sourceTree = "<group>"; };
		B697A329294A5DA60015701A /* Preview Assets.xcassets */ = {isa = PBXFileReference; lastKnownFileType = folder.assetcatalog; path = "Preview Assets.xcassets"; sourceTree = "<group>"; };
		B697A330294A61C00015701A /* JokesData.swift */ = {isa = PBXFileReference; lastKnownFileType = sourcecode.swift; path = JokesData.swift; sourceTree = "<group>"; };
		B697A332294A63740015701A /* JokesViewModel.swift */ = {isa = PBXFileReference; lastKnownFileType = sourcecode.swift; path = JokesViewModel.swift; sourceTree = "<group>"; };
/* End PBXFileReference section */

/* Begin PBXFrameworksBuildPhase section */
		B697A31C294A5DA50015701A /* Frameworks */ = {
			isa = PBXFrameworksBuildPhase;
			buildActionMask = 2147483647;
			files = (
				D381FC4D7233DCC169129CDA /* Pods_Jokes_App_SwiftUI.framework in Frameworks */,
			);
			runOnlyForDeploymentPostprocessing = 0;
		};
/* End PBXFrameworksBuildPhase section */

/* Begin PBXGroup section */
		3B2DEBA3A0074445F8FED348 /* Frameworks */ = {
			isa = PBXGroup;
			children = (
				3FB9DA27D5D816D3F6AFE777 /* Pods_Jokes_App_SwiftUI.framework */,
			);
			name = Frameworks;
			sourceTree = "<group>";
		};
		7C6C0A64E7A0BDCDA738E880 /* Pods */ = {
			isa = PBXGroup;
			children = (
				0B4BAE7DE73CEBFA67C189B9 /* Pods-Jokes-App-SwiftUI.debug.xcconfig */,
				A37001C26D16A99BFDC97814 /* Pods-Jokes-App-SwiftUI.release.xcconfig */,
			);
			name = Pods;
			path = Pods;
			sourceTree = "<group>";
		};
		B697A316294A5DA50015701A = {
			isa = PBXGroup;
			children = (
				B697A321294A5DA50015701A /* Jokes-App-SwiftUI */,
				B697A320294A5DA50015701A /* Products */,
				7C6C0A64E7A0BDCDA738E880 /* Pods */,
				3B2DEBA3A0074445F8FED348 /* Frameworks */,
			);
			sourceTree = "<group>";
		};
		B697A320294A5DA50015701A /* Products */ = {
			isa = PBXGroup;
			children = (
				B697A31F294A5DA50015701A /* Jokes-App-SwiftUI.app */,
			);
			name = Products;
			sourceTree = "<group>";
		};
		B697A321294A5DA50015701A /* Jokes-App-SwiftUI */ = {
			isa = PBXGroup;
			children = (
				B697A322294A5DA50015701A /* Jokes_App_SwiftUIApp.swift */,
				B697A324294A5DA50015701A /* ContentView.swift */,
				B697A332294A63740015701A /* JokesViewModel.swift */,
				B697A330294A61C00015701A /* JokesData.swift */,
				B697A326294A5DA60015701A /* Assets.xcassets */,
				B697A328294A5DA60015701A /* Preview Content */,
			);
			path = "Jokes-App-SwiftUI";
			sourceTree = "<group>";
		};
		B697A328294A5DA60015701A /* Preview Content */ = {
			isa = PBXGroup;
			children = (
				B697A329294A5DA60015701A /* Preview Assets.xcassets */,
			);
			path = "Preview Content";
			sourceTree = "<group>";
		};
/* End PBXGroup section */

/* Begin PBXNativeTarget section */
		B697A31E294A5DA50015701A /* Jokes-App-SwiftUI */ = {
			isa = PBXNativeTarget;
			buildConfigurationList = B697A32D294A5DA60015701A /* Build configuration list for PBXNativeTarget "Jokes-App-SwiftUI" */;
			buildPhases = (
				E10E11322DEB116DF62ED02D /* [CP] Check Pods Manifest.lock */,
				B697A31B294A5DA50015701A /* Sources */,
				B697A31C294A5DA50015701A /* Frameworks */,
				B697A31D294A5DA50015701A /* Resources */,
				52CC0ADEE01568932389F137 /* [CP] Embed Pods Frameworks */,
			);
			buildRules = (
			);
			dependencies = (
			);
			name = "Jokes-App-SwiftUI";
			productName = "Jokes-App-SwiftUI";
			productReference = B697A31F294A5DA50015701A /* Jokes-App-SwiftUI.app */;
			productType = "com.apple.product-type.application";
		};
/* End PBXNativeTarget section */

/* Begin PBXProject section */
		B697A317294A5DA50015701A /* Project object */ = {
			isa = PBXProject;
			attributes = {
				BuildIndependentTargetsInParallel = 1;
				LastSwiftUpdateCheck = 1410;
				LastUpgradeCheck = 1410;
				TargetAttributes = {
					B697A31E294A5DA50015701A = {
						CreatedOnToolsVersion = 14.1;
					};
				};
			};
			buildConfigurationList = B697A31A294A5DA50015701A /* Build configuration list for PBXProject "Jokes-App-SwiftUI" */;
			compatibilityVersion = "Xcode 13.0";
			developmentRegion = en;
			hasScannedForEncodings = 0;
			knownRegions = (
				en,
				Base,
			);
			mainGroup = B697A316294A5DA50015701A;
			productRefGroup = B697A320294A5DA50015701A /* Products */;
			projectDirPath = "";
			projectRoot = "";
			targets = (
				B697A31E294A5DA50015701A /* Jokes-App-SwiftUI */,
			);
		};
/* End PBXProject section */

/* Begin PBXResourcesBuildPhase section */
		B697A31D294A5DA50015701A /* Resources */ = {
			isa = PBXResourcesBuildPhase;
			buildActionMask = 2147483647;
			files = (
				B697A32A294A5DA60015701A /* Preview Assets.xcassets in Resources */,
				B697A327294A5DA60015701A /* Assets.xcassets in Resources */,
			);
			runOnlyForDeploymentPostprocessing = 0;
		};
/* End PBXResourcesBuildPhase section */

/* Begin PBXShellScriptBuildPhase section */
		52CC0ADEE01568932389F137 /* [CP] Embed Pods Frameworks */ = {
			isa = PBXShellScriptBuildPhase;
			buildActionMask = 2147483647;
			files = (
			);
			inputFileListPaths = (
				"${PODS_ROOT}/Target Support Files/Pods-Jokes-App-SwiftUI/Pods-Jokes-App-SwiftUI-frameworks-${CONFIGURATION}-input-files.xcfilelist",
			);
			name = "[CP] Embed Pods Frameworks";
			outputFileListPaths = (
				"${PODS_ROOT}/Target Support Files/Pods-Jokes-App-SwiftUI/Pods-Jokes-App-SwiftUI-frameworks-${CONFIGURATION}-output-files.xcfilelist",
			);
			runOnlyForDeploymentPostprocessing = 0;
			shellPath = /bin/sh;
			shellScript = "\"${PODS_ROOT}/Target Support Files/Pods-Jokes-App-SwiftUI/Pods-Jokes-App-SwiftUI-frameworks.sh\"\n";
			showEnvVarsInLog = 0;
		};
		E10E11322DEB116DF62ED02D /* [CP] Check Pods Manifest.lock */ = {
			isa = PBXShellScriptBuildPhase;
			buildActionMask = 2147483647;
			files = (
			);
			inputFileListPaths = (
			);
			inputPaths = (
				"${PODS_PODFILE_DIR_PATH}/Podfile.lock",
				"${PODS_ROOT}/Manifest.lock",
			);
			name = "[CP] Check Pods Manifest.lock";
			outputFileListPaths = (
			);
			outputPaths = (
				"$(DERIVED_FILE_DIR)/Pods-Jokes-App-SwiftUI-checkManifestLockResult.txt",
			);
			runOnlyForDeploymentPostprocessing = 0;
			shellPath = /bin/sh;
			shellScript = "diff \"${PODS_PODFILE_DIR_PATH}/Podfile.lock\" \"${PODS_ROOT}/Manifest.lock\" > /dev/null\nif [ $? != 0 ] ; then\n    # print error to STDERR\n    echo \"error: The sandbox is not in sync with the Podfile.lock. Run 'pod install' or update your CocoaPods installation.\" >&2\n    exit 1\nfi\n# This output is used by Xcode 'outputs' to avoid re-running this script phase.\necho \"SUCCESS\" > \"${SCRIPT_OUTPUT_FILE_0}\"\n";
			showEnvVarsInLog = 0;
		};
/* End PBXShellScriptBuildPhase section */

/* Begin PBXSourcesBuildPhase section */
		B697A31B294A5DA50015701A /* Sources */ = {
			isa = PBXSourcesBuildPhase;
			buildActionMask = 2147483647;
			files = (
				B697A325294A5DA50015701A /* ContentView.swift in Sources */,
				B697A323294A5DA50015701A /* Jokes_App_SwiftUIApp.swift in Sources */,
				B697A331294A61C00015701A /* JokesData.swift in Sources */,
				B697A333294A63740015701A /* JokesViewModel.swift in Sources */,
			);
			runOnlyForDeploymentPostprocessing = 0;
		};
/* End PBXSourcesBuildPhase section */

/* Begin XCBuildConfiguration section */
		B697A32B294A5DA60015701A /* Debug */ = {
			isa = XCBuildConfiguration;
			buildSettings = {
				ALWAYS_SEARCH_USER_PATHS = NO;
				CLANG_ANALYZER_NONNULL = YES;
				CLANG_ANALYZER_NUMBER_OBJECT_CONVERSION = YES_AGGRESSIVE;
				CLANG_CXX_LANGUAGE_STANDARD = "gnu++20";
				CLANG_ENABLE_MODULES = YES;
				CLANG_ENABLE_OBJC_ARC = YES;
				CLANG_ENABLE_OBJC_WEAK = YES;
				CLANG_WARN_BLOCK_CAPTURE_AUTORELEASING = YES;
				CLANG_WARN_BOOL_CONVERSION = YES;
				CLANG_WARN_COMMA = YES;
				CLANG_WARN_CONSTANT_CONVERSION = YES;
				CLANG_WARN_DEPRECATED_OBJC_IMPLEMENTATIONS = YES;
				CLANG_WARN_DIRECT_OBJC_ISA_USAGE = YES_ERROR;
				CLANG_WARN_DOCUMENTATION_COMMENTS = YES;
				CLANG_WARN_EMPTY_BODY = YES;
				CLANG_WARN_ENUM_CONVERSION = YES;
				CLANG_WARN_INFINITE_RECURSION = YES;
				CLANG_WARN_INT_CONVERSION = YES;
				CLANG_WARN_NON_LITERAL_NULL_CONVERSION = YES;
				CLANG_WARN_OBJC_IMPLICIT_RETAIN_SELF = YES;
				CLANG_WARN_OBJC_LITERAL_CONVERSION = YES;
				CLANG_WARN_OBJC_ROOT_CLASS = YES_ERROR;
				CLANG_WARN_QUOTED_INCLUDE_IN_FRAMEWORK_HEADER = YES;
				CLANG_WARN_RANGE_LOOP_ANALYSIS = YES;
				CLANG_WARN_STRICT_PROTOTYPES = YES;
				CLANG_WARN_SUSPICIOUS_MOVE = YES;
				CLANG_WARN_UNGUARDED_AVAILABILITY = YES_AGGRESSIVE;
				CLANG_WARN_UNREACHABLE_CODE = YES;
				CLANG_WARN__DUPLICATE_METHOD_MATCH = YES;
				COPY_PHASE_STRIP = NO;
				DEBUG_INFORMATION_FORMAT = dwarf;
				ENABLE_STRICT_OBJC_MSGSEND = YES;
				ENABLE_TESTABILITY = YES;
				GCC_C_LANGUAGE_STANDARD = gnu11;
				GCC_DYNAMIC_NO_PIC = NO;
				GCC_NO_COMMON_BLOCKS = YES;
				GCC_OPTIMIZATION_LEVEL = 0;
				GCC_PREPROCESSOR_DEFINITIONS = (
					"DEBUG=1",
					"$(inherited)",
				);
				GCC_WARN_64_TO_32_BIT_CONVERSION = YES;
				GCC_WARN_ABOUT_RETURN_TYPE = YES_ERROR;
				GCC_WARN_UNDECLARED_SELECTOR = YES;
				GCC_WARN_UNINITIALIZED_AUTOS = YES_AGGRESSIVE;
				GCC_WARN_UNUSED_FUNCTION = YES;
				GCC_WARN_UNUSED_VARIABLE = YES;
				IPHONEOS_DEPLOYMENT_TARGET = 16.1;
				MTL_ENABLE_DEBUG_INFO = INCLUDE_SOURCE;
				MTL_FAST_MATH = YES;
				ONLY_ACTIVE_ARCH = YES;
				SDKROOT = iphoneos;
				SWIFT_ACTIVE_COMPILATION_CONDITIONS = DEBUG;
				SWIFT_OPTIMIZATION_LEVEL = "-Onone";
			};
			name = Debug;
		};
		B697A32C294A5DA60015701A /* Release */ = {
			isa = XCBuildConfiguration;
			buildSettings = {
				ALWAYS_SEARCH_USER_PATHS = NO;
				CLANG_ANALYZER_NONNULL = YES;
				CLANG_ANALYZER_NUMBER_OBJECT_CONVERSION = YES_AGGRESSIVE;
				CLANG_CXX_LANGUAGE_STANDARD = "gnu++20";
				CLANG_ENABLE_MODULES = YES;
				CLANG_ENABLE_OBJC_ARC = YES;
				CLANG_ENABLE_OBJC_WEAK = YES;
				CLANG_WARN_BLOCK_CAPTURE_AUTORELEASING = YES;
				CLANG_WARN_BOOL_CONVERSION = YES;
				CLANG_WARN_COMMA = YES;
				CLANG_WARN_CONSTANT_CONVERSION = YES;
				CLANG_WARN_DEPRECATED_OBJC_IMPLEMENTATIONS = YES;
				CLANG_WARN_DIRECT_OBJC_ISA_USAGE = YES_ERROR;
				CLANG_WARN_DOCUMENTATION_COMMENTS = YES;
				CLANG_WARN_EMPTY_BODY = YES;
				CLANG_WARN_ENUM_CONVERSION = YES;
				CLANG_WARN_INFINITE_RECURSION = YES;
				CLANG_WARN_INT_CONVERSION = YES;
				CLANG_WARN_NON_LITERAL_NULL_CONVERSION = YES;
				CLANG_WARN_OBJC_IMPLICIT_RETAIN_SELF = YES;
				CLANG_WARN_OBJC_LITERAL_CONVERSION = YES;
				CLANG_WARN_OBJC_ROOT_CLASS = YES_ERROR;
				CLANG_WARN_QUOTED_INCLUDE_IN_FRAMEWORK_HEADER = YES;
				CLANG_WARN_RANGE_LOOP_ANALYSIS = YES;
				CLANG_WARN_STRICT_PROTOTYPES = YES;
				CLANG_WARN_SUSPICIOUS_MOVE = YES;
				CLANG_WARN_UNGUARDED_AVAILABILITY = YES_AGGRESSIVE;
				CLANG_WARN_UNREACHABLE_CODE = YES;
				CLANG_WARN__DUPLICATE_METHOD_MATCH = YES;
				COPY_PHASE_STRIP = NO;
				DEBUG_INFORMATION_FORMAT = "dwarf-with-dsym";
				ENABLE_NS_ASSERTIONS = NO;
				ENABLE_STRICT_OBJC_MSGSEND = YES;
				GCC_C_LANGUAGE_STANDARD = gnu11;
				GCC_NO_COMMON_BLOCKS = YES;
				GCC_WARN_64_TO_32_BIT_CONVERSION = YES;
				GCC_WARN_ABOUT_RETURN_TYPE = YES_ERROR;
				GCC_WARN_UNDECLARED_SELECTOR = YES;
				GCC_WARN_UNINITIALIZED_AUTOS = YES_AGGRESSIVE;
				GCC_WARN_UNUSED_FUNCTION = YES;
				GCC_WARN_UNUSED_VARIABLE = YES;
				IPHONEOS_DEPLOYMENT_TARGET = 16.1;
				MTL_ENABLE_DEBUG_INFO = NO;
				MTL_FAST_MATH = YES;
				SDKROOT = iphoneos;
				SWIFT_COMPILATION_MODE = wholemodule;
				SWIFT_OPTIMIZATION_LEVEL = "-O";
				VALIDATE_PRODUCT = YES;
			};
			name = Release;
		};
		B697A32E294A5DA60015701A /* Debug */ = {
			isa = XCBuildConfiguration;
			baseConfigurationReference = 0B4BAE7DE73CEBFA67C189B9 /* Pods-Jokes-App-SwiftUI.debug.xcconfig */;
			buildSettings = {
				ASSETCATALOG_COMPILER_APPICON_NAME = AppIcon;
				ASSETCATALOG_COMPILER_GLOBAL_ACCENT_COLOR_NAME = AccentColor;
				CODE_SIGN_STYLE = Automatic;
				CURRENT_PROJECT_VERSION = 1;
				DEVELOPMENT_ASSET_PATHS = "\"Jokes-App-SwiftUI/Preview Content\"";
				DEVELOPMENT_TEAM = VPZ673SNB7;
				ENABLE_PREVIEWS = YES;
				GENERATE_INFOPLIST_FILE = YES;
				INFOPLIST_KEY_UIApplicationSceneManifest_Generation = YES;
				INFOPLIST_KEY_UIApplicationSupportsIndirectInputEvents = YES;
				INFOPLIST_KEY_UILaunchScreen_Generation = YES;
				INFOPLIST_KEY_UISupportedInterfaceOrientations_iPad = "UIInterfaceOrientationPortrait UIInterfaceOrientationPortraitUpsideDown UIInterfaceOrientationLandscapeLeft UIInterfaceOrientationLandscapeRight";
				INFOPLIST_KEY_UISupportedInterfaceOrientations_iPhone = "UIInterfaceOrientationPortrait UIInterfaceOrientationLandscapeLeft UIInterfaceOrientationLandscapeRight";
				LD_RUNPATH_SEARCH_PATHS = (
					"$(inherited)",
					"@executable_path/Frameworks",
				);
				MARKETING_VERSION = 1.0;
				PRODUCT_BUNDLE_IDENTIFIER = "dev.oemurlu.Jokes-App-SwiftUI";
				PRODUCT_NAME = "$(TARGET_NAME)";
				SWIFT_EMIT_LOC_STRINGS = YES;
				SWIFT_VERSION = 5.0;
				TARGETED_DEVICE_FAMILY = "1,2";
			};
			name = Debug;
		};
		B697A32F294A5DA60015701A /* Release */ = {
			isa = XCBuildConfiguration;
			baseConfigurationReference = A37001C26D16A99BFDC97814 /* Pods-Jokes-App-SwiftUI.release.xcconfig */;
			buildSettings = {
				ASSETCATALOG_COMPILER_APPICON_NAME = AppIcon;
				ASSETCATALOG_COMPILER_GLOBAL_ACCENT_COLOR_NAME = AccentColor;
				CODE_SIGN_STYLE = Automatic;
				CURRENT_PROJECT_VERSION = 1;
				DEVELOPMENT_ASSET_PATHS = "\"Jokes-App-SwiftUI/Preview Content\"";
				DEVELOPMENT_TEAM = VPZ673SNB7;
				ENABLE_PREVIEWS = YES;
				GENERATE_INFOPLIST_FILE = YES;
				INFOPLIST_KEY_UIApplicationSceneManifest_Generation = YES;
				INFOPLIST_KEY_UIApplicationSupportsIndirectInputEvents = YES;
				INFOPLIST_KEY_UILaunchScreen_Generation = YES;
				INFOPLIST_KEY_UISupportedInterfaceOrientations_iPad = "UIInterfaceOrientationPortrait UIInterfaceOrientationPortraitUpsideDown UIInterfaceOrientationLandscapeLeft UIInterfaceOrientationLandscapeRight";
				INFOPLIST_KEY_UISupportedInterfaceOrientations_iPhone = "UIInterfaceOrientationPortrait UIInterfaceOrientationLandscapeLeft UIInterfaceOrientationLandscapeRight";
				LD_RUNPATH_SEARCH_PATHS = (
					"$(inherited)",
					"@executable_path/Frameworks",
				);
				MARKETING_VERSION = 1.0;
				PRODUCT_BUNDLE_IDENTIFIER = "dev.oemurlu.Jokes-App-SwiftUI";
				PRODUCT_NAME = "$(TARGET_NAME)";
				SWIFT_EMIT_LOC_STRINGS = YES;
				SWIFT_VERSION = 5.0;
				TARGETED_DEVICE_FAMILY = "1,2";
			};
			name = Release;
		};
/* End XCBuildConfiguration section */

/* Begin XCConfigurationList section */
		B697A31A294A5DA50015701A /* Build configuration list for PBXProject "Jokes-App-SwiftUI" */ = {
			isa = XCConfigurationList;
			buildConfigurations = (
				B697A32B294A5DA60015701A /* Debug */,
				B697A32C294A5DA60015701A /* Release */,
			);
			defaultConfigurationIsVisible = 0;
			defaultConfigurationName = Release;
		};
		B697A32D294A5DA60015701A /* Build configuration list for PBXNativeTarget "Jokes-App-SwiftUI" */ = {
			isa = XCConfigurationList;
			buildConfigurations = (
				B697A32E294A5DA60015701A /* Debug */,
				B697A32F294A5DA60015701A /* Release */,
			);
			defaultConfigurationIsVisible = 0;
			defaultConfigurationName = Release;
		};
/* End XCConfigurationList section */
	};
	rootObject = B697A317294A5DA50015701A /* Project object */;
}
