// !$*UTF8*$!
{
	archiveVersion = 1;
	classes = {
	};
	objectVersion = 56;
	objects = {

/* Begin PBXBuildFile section */
		B6445E6E2947AF7900E19130 /* H4X0R_News_SwiftUIApp.swift in Sources */ = {isa = PBXBuildFile; fileRef = B6445E6D2947AF7900E19130 /* H4X0R_News_SwiftUIApp.swift */; };
		B6445E702947AF7900E19130 /* ContentView.swift in Sources */ = {isa = PBXBuildFile; fileRef = B6445E6F2947AF7900E19130 /* ContentView.swift */; };
		B6445E722947AF7A00E19130 /* Assets.xcassets in Resources */ = {isa = PBXBuildFile; fileRef = B6445E712947AF7A00E19130 /* Assets.xcassets */; };
		B6445E752947AF7A00E19130 /* Preview Assets.xcassets in Resources */ = {isa = PBXBuildFile; fileRef = B6445E742947AF7A00E19130 /* Preview Assets.xcassets */; };
		B682C19D294862B500712FD3 /* NetworkManager.swift in Sources */ = {isa = PBXBuildFile; fileRef = B682C19C294862B500712FD3 /* NetworkManager.swift */; };
		B682C19F294889A200712FD3 /* PostData.swift in Sources */ = {isa = PBXBuildFile; fileRef = B682C19E294889A200712FD3 /* PostData.swift */; };
		B682C1A22948FF0700712FD3 /* DetailView.swift in Sources */ = {isa = PBXBuildFile; fileRef = B682C1A12948FF0700712FD3 /* DetailView.swift */; };
		B682C1A42949048B00712FD3 /* WebView.swift in Sources */ = {isa = PBXBuildFile; fileRef = B682C1A32949048B00712FD3 /* WebView.swift */; };
/* End PBXBuildFile section */

/* Begin PBXFileReference section */
		B6445E6A2947AF7900E19130 /* H4X0R-News-SwiftUI.app */ = {isa = PBXFileReference; explicitFileType = wrapper.application; includeInIndex = 0; path = "H4X0R-News-SwiftUI.app"; sourceTree = BUILT_PRODUCTS_DIR; };
		B6445E6D2947AF7900E19130 /* H4X0R_News_SwiftUIApp.swift */ = {isa = PBXFileReference; lastKnownFileType = sourcecode.swift; path = H4X0R_News_SwiftUIApp.swift; sourceTree = "<group>"; };
		B6445E6F2947AF7900E19130 /* ContentView.swift */ = {isa = PBXFileReference; lastKnownFileType = sourcecode.swift; path = ContentView.swift; sourceTree = "<group>"; };
		B6445E712947AF7A00E19130 /* Assets.xcassets */ = {isa = PBXFileReference; lastKnownFileType = folder.assetcatalog; path = Assets.xcassets; sourceTree = "<group>"; };
		B6445E742947AF7A00E19130 /* Preview Assets.xcassets */ = {isa = PBXFileReference; lastKnownFileType = folder.assetcatalog; path = "Preview Assets.xcassets"; sourceTree = "<group>"; };
		B682C19C294862B500712FD3 /* NetworkManager.swift */ = {isa = PBXFileReference; lastKnownFileType = sourcecode.swift; path = NetworkManager.swift; sourceTree = "<group>"; };
		B682C19E294889A200712FD3 /* PostData.swift */ = {isa = PBXFileReference; lastKnownFileType = sourcecode.swift; path = PostData.swift; sourceTree = "<group>"; };
		B682C1A12948FF0700712FD3 /* DetailView.swift */ = {isa = PBXFileReference; lastKnownFileType = sourcecode.swift; path = DetailView.swift; sourceTree = "<group>"; };
		B682C1A32949048B00712FD3 /* WebView.swift */ = {isa = PBXFileReference; lastKnownFileType = sourcecode.swift; path = WebView.swift; sourceTree = "<group>"; };
/* End PBXFileReference section */

/* Begin PBXFrameworksBuildPhase section */
		B6445E672947AF7900E19130 /* Frameworks */ = {
			isa = PBXFrameworksBuildPhase;
			buildActionMask = 2147483647;
			files = (
			);
			runOnlyForDeploymentPostprocessing = 0;
		};
/* End PBXFrameworksBuildPhase section */

/* Begin PBXGroup section */
		B6445E612947AF7900E19130 = {
			isa = PBXGroup;
			children = (
				B6445E6C2947AF7900E19130 /* H4X0R-News-SwiftUI */,
				B6445E6B2947AF7900E19130 /* Products */,
			);
			sourceTree = "<group>";
		};
		B6445E6B2947AF7900E19130 /* Products */ = {
			isa = PBXGroup;
			children = (
				B6445E6A2947AF7900E19130 /* H4X0R-News-SwiftUI.app */,
			);
			name = Products;
			sourceTree = "<group>";
		};
		B6445E6C2947AF7900E19130 /* H4X0R-News-SwiftUI */ = {
			isa = PBXGroup;
			children = (
				B682C19B2948629D00712FD3 /* Models */,
				B682C1A02948FEFA00712FD3 /* Views */,
				B6445E6D2947AF7900E19130 /* H4X0R_News_SwiftUIApp.swift */,
				B6445E712947AF7A00E19130 /* Assets.xcassets */,
				B6445E732947AF7A00E19130 /* Preview Content */,
			);
			path = "H4X0R-News-SwiftUI";
			sourceTree = "<group>";
		};
		B6445E732947AF7A00E19130 /* Preview Content */ = {
			isa = PBXGroup;
			children = (
				B6445E742947AF7A00E19130 /* Preview Assets.xcassets */,
			);
			path = "Preview Content";
			sourceTree = "<group>";
		};
		B682C19B2948629D00712FD3 /* Models */ = {
			isa = PBXGroup;
			children = (
				B682C19C294862B500712FD3 /* NetworkManager.swift */,
				B682C19E294889A200712FD3 /* PostData.swift */,
			);
			path = Models;
			sourceTree = "<group>";
		};
		B682C1A02948FEFA00712FD3 /* Views */ = {
			isa = PBXGroup;
			children = (
				B6445E6F2947AF7900E19130 /* ContentView.swift */,
				B682C1A12948FF0700712FD3 /* DetailView.swift */,
				B682C1A32949048B00712FD3 /* WebView.swift */,
			);
			path = Views;
			sourceTree = "<group>";
		};
/* End PBXGroup section */

/* Begin PBXNativeTarget section */
		B6445E692947AF7900E19130 /* H4X0R-News-SwiftUI */ = {
			isa = PBXNativeTarget;
			buildConfigurationList = B6445E782947AF7A00E19130 /* Build configuration list for PBXNativeTarget "H4X0R-News-SwiftUI" */;
			buildPhases = (
				B6445E662947AF7900E19130 /* Sources */,
				B6445E672947AF7900E19130 /* Frameworks */,
				B6445E682947AF7900E19130 /* Resources */,
			);
			buildRules = (
			);
			dependencies = (
			);
			name = "H4X0R-News-SwiftUI";
			productName = "H4X0R-News-SwiftUI";
			productReference = B6445E6A2947AF7900E19130 /* H4X0R-News-SwiftUI.app */;
			productType = "com.apple.product-type.application";
		};
/* End PBXNativeTarget section */

/* Begin PBXProject section */
		B6445E622947AF7900E19130 /* Project object */ = {
			isa = PBXProject;
			attributes = {
				BuildIndependentTargetsInParallel = 1;
				LastSwiftUpdateCheck = 1410;
				LastUpgradeCheck = 1410;
				TargetAttributes = {
					B6445E692947AF7900E19130 = {
						CreatedOnToolsVersion = 14.1;
					};
				};
			};
			buildConfigurationList = B6445E652947AF7900E19130 /* Build configuration list for PBXProject "H4X0R-News-SwiftUI" */;
			compatibilityVersion = "Xcode 14.0";
			developmentRegion = en;
			hasScannedForEncodings = 0;
			knownRegions = (
				en,
				Base,
			);
			mainGroup = B6445E612947AF7900E19130;
			productRefGroup = B6445E6B2947AF7900E19130 /* Products */;
			projectDirPath = "";
			projectRoot = "";
			targets = (
				B6445E692947AF7900E19130 /* H4X0R-News-SwiftUI */,
			);
		};
/* End PBXProject section */

/* Begin PBXResourcesBuildPhase section */
		B6445E682947AF7900E19130 /* Resources */ = {
			isa = PBXResourcesBuildPhase;
			buildActionMask = 2147483647;
			files = (
				B6445E752947AF7A00E19130 /* Preview Assets.xcassets in Resources */,
				B6445E722947AF7A00E19130 /* Assets.xcassets in Resources */,
			);
			runOnlyForDeploymentPostprocessing = 0;
		};
/* End PBXResourcesBuildPhase section */

/* Begin PBXSourcesBuildPhase section */
		B6445E662947AF7900E19130 /* Sources */ = {
			isa = PBXSourcesBuildPhase;
			buildActionMask = 2147483647;
			files = (
				B682C19D294862B500712FD3 /* NetworkManager.swift in Sources */,
				B682C19F294889A200712FD3 /* PostData.swift in Sources */,
				B6445E702947AF7900E19130 /* ContentView.swift in Sources */,
				B682C1A42949048B00712FD3 /* WebView.swift in Sources */,
				B682C1A22948FF0700712FD3 /* DetailView.swift in Sources */,
				B6445E6E2947AF7900E19130 /* H4X0R_News_SwiftUIApp.swift in Sources */,
			);
			runOnlyForDeploymentPostprocessing = 0;
		};
/* End PBXSourcesBuildPhase section */

/* Begin XCBuildConfiguration section */
		B6445E762947AF7A00E19130 /* Debug */ = {
			isa = XCBuildConfiguration;
			buildSettings = {
				ALWAYS_SEARCH_USER_PATHS = NO;
				CLANG_ANALYZER_NONNULL = YES;
				CLANG_ANALYZER_NUMBER_OBJECT_CONVERSION = YES_AGGRESSIVE;
				CLANG_CXX_LANGUAGE_STANDARD = "gnu++20";
				CLANG_ENABLE_MODULES = YES;
				CLANG_ENABLE_OBJC_ARC = YES;
				CLANG_ENABLE_OBJC_WEAK = YES;
				CLANG_WARN_BLOCK_CAPTURE_AUTORELEASING = YES;
				CLANG_WARN_BOOL_CONVERSION = YES;
				CLANG_WARN_COMMA = YES;
				CLANG_WARN_CONSTANT_CONVERSION = YES;
				CLANG_WARN_DEPRECATED_OBJC_IMPLEMENTATIONS = YES;
				CLANG_WARN_DIRECT_OBJC_ISA_USAGE = YES_ERROR;
				CLANG_WARN_DOCUMENTATION_COMMENTS = YES;
				CLANG_WARN_EMPTY_BODY = YES;
				CLANG_WARN_ENUM_CONVERSION = YES;
				CLANG_WARN_INFINITE_RECURSION = YES;
				CLANG_WARN_INT_CONVERSION = YES;
				CLANG_WARN_NON_LITERAL_NULL_CONVERSION = YES;
				CLANG_WARN_OBJC_IMPLICIT_RETAIN_SELF = YES;
				CLANG_WARN_OBJC_LITERAL_CONVERSION = YES;
				CLANG_WARN_OBJC_ROOT_CLASS = YES_ERROR;
				CLANG_WARN_QUOTED_INCLUDE_IN_FRAMEWORK_HEADER = YES;
				CLANG_WARN_RANGE_LOOP_ANALYSIS = YES;
				CLANG_WARN_STRICT_PROTOTYPES = YES;
				CLANG_WARN_SUSPICIOUS_MOVE = YES;
				CLANG_WARN_UNGUARDED_AVAILABILITY = YES_AGGRESSIVE;
				CLANG_WARN_UNREACHABLE_CODE = YES;
				CLANG_WARN__DUPLICATE_METHOD_MATCH = YES;
				COPY_PHASE_STRIP = NO;
				DEBUG_INFORMATION_FORMAT = dwarf;
				ENABLE_STRICT_OBJC_MSGSEND = YES;
				ENABLE_TESTABILITY = YES;
				GCC_C_LANGUAGE_STANDARD = gnu11;
				GCC_DYNAMIC_NO_PIC = NO;
				GCC_NO_COMMON_BLOCKS = YES;
				GCC_OPTIMIZATION_LEVEL = 0;
				GCC_PREPROCESSOR_DEFINITIONS = (
					"DEBUG=1",
					"$(inherited)",
				);
				GCC_WARN_64_TO_32_BIT_CONVERSION = YES;
				GCC_WARN_ABOUT_RETURN_TYPE = YES_ERROR;
				GCC_WARN_UNDECLARED_SELECTOR = YES;
				GCC_WARN_UNINITIALIZED_AUTOS = YES_AGGRESSIVE;
				GCC_WARN_UNUSED_FUNCTION = YES;
				GCC_WARN_UNUSED_VARIABLE = YES;
				IPHONEOS_DEPLOYMENT_TARGET = 16.1;
				MTL_ENABLE_DEBUG_INFO = INCLUDE_SOURCE;
				MTL_FAST_MATH = YES;
				ONLY_ACTIVE_ARCH = YES;
				SDKROOT = iphoneos;
				SWIFT_ACTIVE_COMPILATION_CONDITIONS = DEBUG;
				SWIFT_OPTIMIZATION_LEVEL = "-Onone";
			};
			name = Debug;
		};
		B6445E772947AF7A00E19130 /* Release */ = {
			isa = XCBuildConfiguration;
			buildSettings = {
				ALWAYS_SEARCH_USER_PATHS = NO;
				CLANG_ANALYZER_NONNULL = YES;
				CLANG_ANALYZER_NUMBER_OBJECT_CONVERSION = YES_AGGRESSIVE;
				CLANG_CXX_LANGUAGE_STANDARD = "gnu++20";
				CLANG_ENABLE_MODULES = YES;
				CLANG_ENABLE_OBJC_ARC = YES;
				CLANG_ENABLE_OBJC_WEAK = YES;
				CLANG_WARN_BLOCK_CAPTURE_AUTORELEASING = YES;
				CLANG_WARN_BOOL_CONVERSION = YES;
				CLANG_WARN_COMMA = YES;
				CLANG_WARN_CONSTANT_CONVERSION = YES;
				CLANG_WARN_DEPRECATED_OBJC_IMPLEMENTATIONS = YES;
				CLANG_WARN_DIRECT_OBJC_ISA_USAGE = YES_ERROR;
				CLANG_WARN_DOCUMENTATION_COMMENTS = YES;
				CLANG_WARN_EMPTY_BODY = YES;
				CLANG_WARN_ENUM_CONVERSION = YES;
				CLANG_WARN_INFINITE_RECURSION = YES;
				CLANG_WARN_INT_CONVERSION = YES;
				CLANG_WARN_NON_LITERAL_NULL_CONVERSION = YES;
				CLANG_WARN_OBJC_IMPLICIT_RETAIN_SELF = YES;
				CLANG_WARN_OBJC_LITERAL_CONVERSION = YES;
				CLANG_WARN_OBJC_ROOT_CLASS = YES_ERROR;
				CLANG_WARN_QUOTED_INCLUDE_IN_FRAMEWORK_HEADER = YES;
				CLANG_WARN_RANGE_LOOP_ANALYSIS = YES;
				CLANG_WARN_STRICT_PROTOTYPES = YES;
				CLANG_WARN_SUSPICIOUS_MOVE = YES;
				CLANG_WARN_UNGUARDED_AVAILABILITY = YES_AGGRESSIVE;
				CLANG_WARN_UNREACHABLE_CODE = YES;
				CLANG_WARN__DUPLICATE_METHOD_MATCH = YES;
				COPY_PHASE_STRIP = NO;
				DEBUG_INFORMATION_FORMAT = "dwarf-with-dsym";
				ENABLE_NS_ASSERTIONS = NO;
				ENABLE_STRICT_OBJC_MSGSEND = YES;
				GCC_C_LANGUAGE_STANDARD = gnu11;
				GCC_NO_COMMON_BLOCKS = YES;
				GCC_WARN_64_TO_32_BIT_CONVERSION = YES;
				GCC_WARN_ABOUT_RETURN_TYPE = YES_ERROR;
				GCC_WARN_UNDECLARED_SELECTOR = YES;
				GCC_WARN_UNINITIALIZED_AUTOS = YES_AGGRESSIVE;
				GCC_WARN_UNUSED_FUNCTION = YES;
				GCC_WARN_UNUSED_VARIABLE = YES;
				IPHONEOS_DEPLOYMENT_TARGET = 16.1;
				MTL_ENABLE_DEBUG_INFO = NO;
				MTL_FAST_MATH = YES;
				SDKROOT = iphoneos;
				SWIFT_COMPILATION_MODE = wholemodule;
				SWIFT_OPTIMIZATION_LEVEL = "-O";
				VALIDATE_PRODUCT = YES;
			};
			name = Release;
		};
		B6445E792947AF7A00E19130 /* Debug */ = {
			isa = XCBuildConfiguration;
			buildSettings = {
				ASSETCATALOG_COMPILER_APPICON_NAME = AppIcon;
				ASSETCATALOG_COMPILER_GLOBAL_ACCENT_COLOR_NAME = AccentColor;
				CODE_SIGN_STYLE = Automatic;
				CURRENT_PROJECT_VERSION = 1;
				DEVELOPMENT_ASSET_PATHS = "\"H4X0R-News-SwiftUI/Preview Content\"";
				DEVELOPMENT_TEAM = VPZ673SNB7;
				ENABLE_PREVIEWS = YES;
				GENERATE_INFOPLIST_FILE = YES;
				INFOPLIST_KEY_UIApplicationSceneManifest_Generation = YES;
				INFOPLIST_KEY_UIApplicationSupportsIndirectInputEvents = YES;
				INFOPLIST_KEY_UILaunchScreen_Generation = YES;
				INFOPLIST_KEY_UISupportedInterfaceOrientations_iPad = "UIInterfaceOrientationPortrait UIInterfaceOrientationPortraitUpsideDown UIInterfaceOrientationLandscapeLeft UIInterfaceOrientationLandscapeRight";
				INFOPLIST_KEY_UISupportedInterfaceOrientations_iPhone = "UIInterfaceOrientationPortrait UIInterfaceOrientationLandscapeLeft UIInterfaceOrientationLandscapeRight";
				LD_RUNPATH_SEARCH_PATHS = (
					"$(inherited)",
					"@executable_path/Frameworks",
				);
				MARKETING_VERSION = 1.0;
				PRODUCT_BUNDLE_IDENTIFIER = "dev.oemurlu.H4X0R-News-SwiftUI";
				PRODUCT_NAME = "$(TARGET_NAME)";
				SWIFT_EMIT_LOC_STRINGS = YES;
				SWIFT_VERSION = 5.0;
				TARGETED_DEVICE_FAMILY = "1,2";
			};
			name = Debug;
		};
		B6445E7A2947AF7A00E19130 /* Release */ = {
			isa = XCBuildConfiguration;
			buildSettings = {
				ASSETCATALOG_COMPILER_APPICON_NAME = AppIcon;
				ASSETCATALOG_COMPILER_GLOBAL_ACCENT_COLOR_NAME = AccentColor;
				CODE_SIGN_STYLE = Automatic;
				CURRENT_PROJECT_VERSION = 1;
				DEVELOPMENT_ASSET_PATHS = "\"H4X0R-News-SwiftUI/Preview Content\"";
				DEVELOPMENT_TEAM = VPZ673SNB7;
				ENABLE_PREVIEWS = YES;
				GENERATE_INFOPLIST_FILE = YES;
				INFOPLIST_KEY_UIApplicationSceneManifest_Generation = YES;
				INFOPLIST_KEY_UIApplicationSupportsIndirectInputEvents = YES;
				INFOPLIST_KEY_UILaunchScreen_Generation = YES;
				INFOPLIST_KEY_UISupportedInterfaceOrientations_iPad = "UIInterfaceOrientationPortrait UIInterfaceOrientationPortraitUpsideDown UIInterfaceOrientationLandscapeLeft UIInterfaceOrientationLandscapeRight";
				INFOPLIST_KEY_UISupportedInterfaceOrientations_iPhone = "UIInterfaceOrientationPortrait UIInterfaceOrientationLandscapeLeft UIInterfaceOrientationLandscapeRight";
				LD_RUNPATH_SEARCH_PATHS = (
					"$(inherited)",
					"@executable_path/Frameworks",
				);
				MARKETING_VERSION = 1.0;
				PRODUCT_BUNDLE_IDENTIFIER = "dev.oemurlu.H4X0R-News-SwiftUI";
				PRODUCT_NAME = "$(TARGET_NAME)";
				SWIFT_EMIT_LOC_STRINGS = YES;
				SWIFT_VERSION = 5.0;
				TARGETED_DEVICE_FAMILY = "1,2";
			};
			name = Release;
		};
/* End XCBuildConfiguration section */

/* Begin XCConfigurationList section */
		B6445E652947AF7900E19130 /* Build configuration list for PBXProject "H4X0R-News-SwiftUI" */ = {
			isa = XCConfigurationList;
			buildConfigurations = (
				B6445E762947AF7A00E19130 /* Debug */,
				B6445E772947AF7A00E19130 /* Release */,
			);
			defaultConfigurationIsVisible = 0;
			defaultConfigurationName = Release;
		};
		B6445E782947AF7A00E19130 /* Build configuration list for PBXNativeTarget "H4X0R-News-SwiftUI" */ = {
			isa = XCConfigurationList;
			buildConfigurations = (
				B6445E792947AF7A00E19130 /* Debug */,
				B6445E7A2947AF7A00E19130 /* Release */,
			);
			defaultConfigurationIsVisible = 0;
			defaultConfigurationName = Release;
		};
/* End XCConfigurationList section */
	};
	rootObject = B6445E622947AF7900E19130 /* Project object */;
}
